
Microsoft Visual Studio Solution File, Format Version 12.00
# Visual Studio Version 17
VisualStudioVersion = 17.6.33815.320
MinimumVisualStudioVersion = 10.0.40219.1
Project("{9A19103F-16F7-4668-BE54-9A1E7A4F7556}") = "AzureLearning.ConsoleApp", "AzureLearning.ConsoleApp\AzureLearning.ConsoleApp.csproj", "{4ACF43A0-754E-4262-806D-13653A05945A}"
EndProject
Project("{9A19103F-16F7-4668-BE54-9A1E7A4F7556}") = "TShared", "TShared\TShared.csproj", "{77ADB2BB-6BAF-4665-A9B0-8CA963CACBD7}"
EndProject
Project("{9A19103F-16F7-4668-BE54-9A1E7A4F7556}") = "AzureLearning.Api", "AzureLearning.Api\AzureLearning.Api.csproj", "{276AD6CC-4777-4539-9AFF-518B9C6CABAF}"
EndProject
Project("{9A19103F-16F7-4668-BE54-9A1E7A4F7556}") = "AzureLearning.Application", "AzureLearning.Application\AzureLearning.Application.csproj", "{4FDE72E9-3E7E-4063-9CC9-1C3F936D69A8}"
EndProject
Project("{9A19103F-16F7-4668-BE54-9A1E7A4F7556}") = "AzureLearning.Domain", "AzureLearning.Domain\AzureLearning.Domain.csproj", "{09C6B602-CE57-4F47-A57E-1777AF83F4F6}"
EndProject
Project("{FAE04EC0-301F-11D3-BF4B-00C04F79EFBC}") = "AzureLearning.Function", "AzureLearning.Function\AzureLearning.Function.csproj", "{F283C345-5642-47AC-9E9F-33C995E59CCD}"
EndProject
Global
	GlobalSection(SolutionConfigurationPlatforms) = preSolution
		Debug|Any CPU = Debug|Any CPU
		Release|Any CPU = Release|Any CPU
	EndGlobalSection
	GlobalSection(ProjectConfigurationPlatforms) = postSolution
		{4ACF43A0-754E-4262-806D-13653A05945A}.Debug|Any CPU.ActiveCfg = Debug|Any CPU
		{4ACF43A0-754E-4262-806D-13653A05945A}.Debug|Any CPU.Build.0 = Debug|Any CPU
		{4ACF43A0-754E-4262-806D-13653A05945A}.Release|Any CPU.ActiveCfg = Release|Any CPU
		{4ACF43A0-754E-4262-806D-13653A05945A}.Release|Any CPU.Build.0 = Release|Any CPU
		{77ADB2BB-6BAF-4665-A9B0-8CA963CACBD7}.Debug|Any CPU.ActiveCfg = Debug|Any CPU
		{77ADB2BB-6BAF-4665-A9B0-8CA963CACBD7}.Debug|Any CPU.Build.0 = Debug|Any CPU
		{77ADB2BB-6BAF-4665-A9B0-8CA963CACBD7}.Release|Any CPU.ActiveCfg = Release|Any CPU
		{77ADB2BB-6BAF-4665-A9B0-8CA963CACBD7}.Release|Any CPU.Build.0 = Release|Any CPU
		{276AD6CC-4777-4539-9AFF-518B9C6CABAF}.Debug|Any CPU.ActiveCfg = Debug|Any CPU
		{276AD6CC-4777-4539-9AFF-518B9C6CABAF}.Debug|Any CPU.Build.0 = Debug|Any CPU
		{276AD6CC-4777-4539-9AFF-518B9C6CABAF}.Release|Any CPU.ActiveCfg = Release|Any CPU
		{276AD6CC-4777-4539-9AFF-518B9C6CABAF}.Release|Any CPU.Build.0 = Release|Any CPU
		{4FDE72E9-3E7E-4063-9CC9-1C3F936D69A8}.Debug|Any CPU.ActiveCfg = Debug|Any CPU
		{4FDE72E9-3E7E-4063-9CC9-1C3F936D69A8}.Debug|Any CPU.Build.0 = Debug|Any CPU
		{4FDE72E9-3E7E-4063-9CC9-1C3F936D69A8}.Release|Any CPU.ActiveCfg = Release|Any CPU
		{4FDE72E9-3E7E-4063-9CC9-1C3F936D69A8}.Release|Any CPU.Build.0 = Release|Any CPU
		{09C6B602-CE57-4F47-A57E-1777AF83F4F6}.Debug|Any CPU.ActiveCfg = Debug|Any CPU
		{09C6B602-CE57-4F47-A57E-1777AF83F4F6}.Debug|Any CPU.Build.0 = Debug|Any CPU
		{09C6B602-CE57-4F47-A57E-1777AF83F4F6}.Release|Any CPU.ActiveCfg = Release|Any CPU
		{09C6B602-CE57-4F47-A57E-1777AF83F4F6}.Release|Any CPU.Build.0 = Release|Any CPU
		{F283C345-5642-47AC-9E9F-33C995E59CCD}.Debug|Any CPU.ActiveCfg = Debug|Any CPU
		{F283C345-5642-47AC-9E9F-33C995E59CCD}.Debug|Any CPU.Build.0 = Debug|Any CPU
		{F283C345-5642-47AC-9E9F-33C995E59CCD}.Release|Any CPU.ActiveCfg = Release|Any CPU
		{F283C345-5642-47AC-9E9F-33C995E59CCD}.Release|Any CPU.Build.0 = Release|Any CPU
	EndGlobalSection
	GlobalSection(SolutionProperties) = preSolution
		HideSolutionNode = FALSE
	EndGlobalSection
	GlobalSection(ExtensibilityGlobals) = postSolution
		SolutionGuid = {47D172C1-D145-48F7-9BCC-BF782241C670}
	EndGlobalSection
EndGlobal
